
Microsoft Visual Studio Solution File, Format Version 12.00
# Visual Studio 15
Project("{FAE04EC0-301F-11D3-BF4B-00C04F79EFBC}") = "Assembly-CSharp-firstpass", "Assembly-CSharp-firstpass.csproj", "{96033BE0-1012-2A00-8038-3535A6DB1690}"
EndProject
Project("{FAE04EC0-301F-11D3-BF4B-00C04F79EFBC}") = "Assembly-CSharp", "Assembly-CSharp.csproj", "{56F6CBB0-823A-0957-9529-AC753F2D42C3}"
EndProject
Project("{FAE04EC0-301F-11D3-BF4B-00C04F79EFBC}") = "Assembly-CSharp-Editor-firstpass", "Assembly-CSharp-Editor-firstpass.csproj", "{06EAC96D-089F-B87B-AAB2-165B53254EBF}"
EndProject
Global
	GlobalSection(SolutionConfigurationPlatforms) = preSolution
		Debug|Any CPU = Debug|Any CPU
		Release|Any CPU = Release|Any CPU
	EndGlobalSection
	GlobalSection(ProjectConfigurationPlatforms) = postSolution
		{96033BE0-1012-2A00-8038-3535A6DB1690}.Debug|Any CPU.ActiveCfg = Debug|Any CPU
		{96033BE0-1012-2A00-8038-3535A6DB1690}.Debug|Any CPU.Build.0 = Debug|Any CPU
		{96033BE0-1012-2A00-8038-3535A6DB1690}.Release|Any CPU.ActiveCfg = Release|Any CPU
		{96033BE0-1012-2A00-8038-3535A6DB1690}.Release|Any CPU.Build.0 = Release|Any CPU
		{56F6CBB0-823A-0957-9529-AC753F2D42C3}.Debug|Any CPU.ActiveCfg = Debug|Any CPU
		{56F6CBB0-823A-0957-9529-AC753F2D42C3}.Debug|Any CPU.Build.0 = Debug|Any CPU
		{56F6CBB0-823A-0957-9529-AC753F2D42C3}.Release|Any CPU.ActiveCfg = Release|Any CPU
		{56F6CBB0-823A-0957-9529-AC753F2D42C3}.Release|Any CPU.Build.0 = Release|Any CPU
		{06EAC96D-089F-B87B-AAB2-165B53254EBF}.Debug|Any CPU.ActiveCfg = Debug|Any CPU
		{06EAC96D-089F-B87B-AAB2-165B53254EBF}.Debug|Any CPU.Build.0 = Debug|Any CPU
		{06EAC96D-089F-B87B-AAB2-165B53254EBF}.Release|Any CPU.ActiveCfg = Release|Any CPU
		{06EAC96D-089F-B87B-AAB2-165B53254EBF}.Release|Any CPU.Build.0 = Release|Any CPU
	EndGlobalSection
	GlobalSection(SolutionProperties) = preSolution
		HideSolutionNode = FALSE
	EndGlobalSection
	GlobalSection(MonoDevelopProperties) = preSolution
		StartupItem = Assembly-CSharp.csproj
	EndGlobalSection
EndGlobal
